// !$*UTF8*$!
{
	archiveVersion = 1;
	classes = {
	};
	objectVersion = 50;
	objects = {

/* Begin PBXBuildFile section */
		9B5EC3D527978AED00FAD765 /* OverlayViewWindow.swift in Sources */ = {isa = PBXBuildFile; fileRef = 9B5EC3D427978AED00FAD765 /* OverlayViewWindow.swift */; };
		9BF5A1242774378A00E20C16 /* AppDelegate.swift in Sources */ = {isa = PBXBuildFile; fileRef = 9BF5A1232774378A00E20C16 /* AppDelegate.swift */; };
		9BF5A1282774378B00E20C16 /* Assets.xcassets in Resources */ = {isa = PBXBuildFile; fileRef = 9BF5A1272774378B00E20C16 /* Assets.xcassets */; };
		9BF5A12B2774378B00E20C16 /* Preview Assets.xcassets in Resources */ = {isa = PBXBuildFile; fileRef = 9BF5A12A2774378B00E20C16 /* Preview Assets.xcassets */; };
		9BF5A12E2774378B00E20C16 /* Main.storyboard in Resources */ = {isa = PBXBuildFile; fileRef = 9BF5A12C2774378B00E20C16 /* Main.storyboard */; };
		9BF5A137277439BA00E20C16 /* OverlayView.swift in Sources */ = {isa = PBXBuildFile; fileRef = 9BF5A136277439BA00E20C16 /* OverlayView.swift */; };
/* End PBXBuildFile section */

/* Begin PBXFileReference section */
		9B5EC3D427978AED00FAD765 /* OverlayViewWindow.swift */ = {isa = PBXFileReference; lastKnownFileType = sourcecode.swift; path = OverlayViewWindow.swift; sourceTree = "<group>"; };
		9BF5A1202774378A00E20C16 /* macos-draw-practice.app */ = {isa = PBXFileReference; explicitFileType = wrapper.application; includeInIndex = 0; path = "macos-draw-practice.app"; sourceTree = BUILT_PRODUCTS_DIR; };
		9BF5A1232774378A00E20C16 /* AppDelegate.swift */ = {isa = PBXFileReference; lastKnownFileType = sourcecode.swift; path = AppDelegate.swift; sourceTree = "<group>"; };
		9BF5A1272774378B00E20C16 /* Assets.xcassets */ = {isa = PBXFileReference; lastKnownFileType = folder.assetcatalog; path = Assets.xcassets; sourceTree = "<group>"; };
		9BF5A12A2774378B00E20C16 /* Preview Assets.xcassets */ = {isa = PBXFileReference; lastKnownFileType = folder.assetcatalog; path = "Preview Assets.xcassets"; sourceTree = "<group>"; };
		9BF5A12D2774378B00E20C16 /* Base */ = {isa = PBXFileReference; lastKnownFileType = file.storyboard; name = Base; path = Base.lproj/Main.storyboard; sourceTree = "<group>"; };
		9BF5A12F2774378B00E20C16 /* Info.plist */ = {isa = PBXFileReference; lastKnownFileType = text.plist.xml; path = Info.plist; sourceTree = "<group>"; };
		9BF5A1302774378B00E20C16 /* macos_draw_practice.entitlements */ = {isa = PBXFileReference; lastKnownFileType = text.plist.entitlements; path = macos_draw_practice.entitlements; sourceTree = "<group>"; };
		9BF5A136277439BA00E20C16 /* OverlayView.swift */ = {isa = PBXFileReference; lastKnownFileType = sourcecode.swift; path = OverlayView.swift; sourceTree = "<group>"; };
/* End PBXFileReference section */

/* Begin PBXFrameworksBuildPhase section */
		9BF5A11D2774378A00E20C16 /* Frameworks */ = {
			isa = PBXFrameworksBuildPhase;
			buildActionMask = 2147483647;
			files = (
			);
			runOnlyForDeploymentPostprocessing = 0;
		};
/* End PBXFrameworksBuildPhase section */

/* Begin PBXGroup section */
		9BF5A1172774378A00E20C16 = {
			isa = PBXGroup;
			children = (
				9BF5A1222774378A00E20C16 /* macos-draw-practice */,
				9BF5A1212774378A00E20C16 /* Products */,
			);
			sourceTree = "<group>";
		};
		9BF5A1212774378A00E20C16 /* Products */ = {
			isa = PBXGroup;
			children = (
				9BF5A1202774378A00E20C16 /* macos-draw-practice.app */,
			);
			name = Products;
			sourceTree = "<group>";
		};
		9BF5A1222774378A00E20C16 /* macos-draw-practice */ = {
			isa = PBXGroup;
			children = (
				9BF5A1232774378A00E20C16 /* AppDelegate.swift */,
				9BF5A136277439BA00E20C16 /* OverlayView.swift */,
				9B5EC3D427978AED00FAD765 /* OverlayViewWindow.swift */,
				9BF5A1272774378B00E20C16 /* Assets.xcassets */,
				9BF5A12C2774378B00E20C16 /* Main.storyboard */,
				9BF5A12F2774378B00E20C16 /* Info.plist */,
				9BF5A1302774378B00E20C16 /* macos_draw_practice.entitlements */,
				9BF5A1292774378B00E20C16 /* Preview Content */,
			);
			path = "macos-draw-practice";
			sourceTree = "<group>";
		};
		9BF5A1292774378B00E20C16 /* Preview Content */ = {
			isa = PBXGroup;
			children = (
				9BF5A12A2774378B00E20C16 /* Preview Assets.xcassets */,
			);
			path = "Preview Content";
			sourceTree = "<group>";
		};
/* End PBXGroup section */

/* Begin PBXNativeTarget section */
		9BF5A11F2774378A00E20C16 /* macos-draw-practice */ = {
			isa = PBXNativeTarget;
			buildConfigurationList = 9BF5A1332774378B00E20C16 /* Build configuration list for PBXNativeTarget "macos-draw-practice" */;
			buildPhases = (
				9BF5A11C2774378A00E20C16 /* Sources */,
				9BF5A11D2774378A00E20C16 /* Frameworks */,
				9BF5A11E2774378A00E20C16 /* Resources */,
			);
			buildRules = (
			);
			dependencies = (
			);
			name = "macos-draw-practice";
			productName = "macos-draw-practice";
			productReference = 9BF5A1202774378A00E20C16 /* macos-draw-practice.app */;
			productType = "com.apple.product-type.application";
		};
/* End PBXNativeTarget section */

/* Begin PBXProject section */
		9BF5A1182774378A00E20C16 /* Project object */ = {
			isa = PBXProject;
			attributes = {
				LastSwiftUpdateCheck = 1250;
				LastUpgradeCheck = 1250;
				TargetAttributes = {
					9BF5A11F2774378A00E20C16 = {
						CreatedOnToolsVersion = 12.5.1;
					};
				};
			};
			buildConfigurationList = 9BF5A11B2774378A00E20C16 /* Build configuration list for PBXProject "macos-draw-practice" */;
			compatibilityVersion = "Xcode 9.3";
			developmentRegion = en;
			hasScannedForEncodings = 0;
			knownRegions = (
				en,
				Base,
			);
			mainGroup = 9BF5A1172774378A00E20C16;
			productRefGroup = 9BF5A1212774378A00E20C16 /* Products */;
			projectDirPath = "";
			projectRoot = "";
			targets = (
				9BF5A11F2774378A00E20C16 /* macos-draw-practice */,
			);
		};
/* End PBXProject section */

/* Begin PBXResourcesBuildPhase section */
		9BF5A11E2774378A00E20C16 /* Resources */ = {
			isa = PBXResourcesBuildPhase;
			buildActionMask = 2147483647;
			files = (
				9BF5A12E2774378B00E20C16 /* Main.storyboard in Resources */,
				9BF5A12B2774378B00E20C16 /* Preview Assets.xcassets in Resources */,
				9BF5A1282774378B00E20C16 /* Assets.xcassets in Resources */,
			);
			runOnlyForDeploymentPostprocessing = 0;
		};
/* End PBXResourcesBuildPhase section */

/* Begin PBXSourcesBuildPhase section */
		9BF5A11C2774378A00E20C16 /* Sources */ = {
			isa = PBXSourcesBuildPhase;
			buildActionMask = 2147483647;
			files = (
				9BF5A137277439BA00E20C16 /* OverlayView.swift in Sources */,
				9BF5A1242774378A00E20C16 /* AppDelegate.swift in Sources */,
				9B5EC3D527978AED00FAD765 /* OverlayViewWindow.swift in Sources */,
			);
			runOnlyForDeploymentPostprocessing = 0;
		};
/* End PBXSourcesBuildPhase section */

/* Begin PBXVariantGroup section */
		9BF5A12C2774378B00E20C16 /* Main.storyboard */ = {
			isa = PBXVariantGroup;
			children = (
				9BF5A12D2774378B00E20C16 /* Base */,
			);
			name = Main.storyboard;
			sourceTree = "<group>";
		};
/* End PBXVariantGroup section */

/* Begin XCBuildConfiguration section */
		9BF5A1312774378B00E20C16 /* Debug */ = {
			isa = XCBuildConfiguration;
			buildSettings = {
				ALWAYS_SEARCH_USER_PATHS = NO;
				CLANG_ANALYZER_NONNULL = YES;
				CLANG_ANALYZER_NUMBER_OBJECT_CONVERSION = YES_AGGRESSIVE;
				CLANG_CXX_LANGUAGE_STANDARD = "gnu++14";
				CLANG_CXX_LIBRARY = "libc++";
				CLANG_ENABLE_MODULES = YES;
				CLANG_ENABLE_OBJC_ARC = YES;
				CLANG_ENABLE_OBJC_WEAK = YES;
				CLANG_WARN_BLOCK_CAPTURE_AUTORELEASING = YES;
				CLANG_WARN_BOOL_CONVERSION = YES;
				CLANG_WARN_COMMA = YES;
				CLANG_WARN_CONSTANT_CONVERSION = YES;
				CLANG_WARN_DEPRECATED_OBJC_IMPLEMENTATIONS = YES;
				CLANG_WARN_DIRECT_OBJC_ISA_USAGE = YES_ERROR;
				CLANG_WARN_DOCUMENTATION_COMMENTS = YES;
				CLANG_WARN_EMPTY_BODY = YES;
				CLANG_WARN_ENUM_CONVERSION = YES;
				CLANG_WARN_INFINITE_RECURSION = YES;
				CLANG_WARN_INT_CONVERSION = YES;
				CLANG_WARN_NON_LITERAL_NULL_CONVERSION = YES;
				CLANG_WARN_OBJC_IMPLICIT_RETAIN_SELF = YES;
				CLANG_WARN_OBJC_LITERAL_CONVERSION = YES;
				CLANG_WARN_OBJC_ROOT_CLASS = YES_ERROR;
				CLANG_WARN_QUOTED_INCLUDE_IN_FRAMEWORK_HEADER = YES;
				CLANG_WARN_RANGE_LOOP_ANALYSIS = YES;
				CLANG_WARN_STRICT_PROTOTYPES = YES;
				CLANG_WARN_SUSPICIOUS_MOVE = YES;
				CLANG_WARN_UNGUARDED_AVAILABILITY = YES_AGGRESSIVE;
				CLANG_WARN_UNREACHABLE_CODE = YES;
				CLANG_WARN__DUPLICATE_METHOD_MATCH = YES;
				COPY_PHASE_STRIP = NO;
				DEBUG_INFORMATION_FORMAT = dwarf;
				ENABLE_STRICT_OBJC_MSGSEND = YES;
				ENABLE_TESTABILITY = YES;
				GCC_C_LANGUAGE_STANDARD = gnu11;
				GCC_DYNAMIC_NO_PIC = NO;
				GCC_NO_COMMON_BLOCKS = YES;
				GCC_OPTIMIZATION_LEVEL = 0;
				GCC_PREPROCESSOR_DEFINITIONS = (
					"DEBUG=1",
					"$(inherited)",
				);
				GCC_WARN_64_TO_32_BIT_CONVERSION = YES;
				GCC_WARN_ABOUT_RETURN_TYPE = YES_ERROR;
				GCC_WARN_UNDECLARED_SELECTOR = YES;
				GCC_WARN_UNINITIALIZED_AUTOS = YES_AGGRESSIVE;
				GCC_WARN_UNUSED_FUNCTION = YES;
				GCC_WARN_UNUSED_VARIABLE = YES;
				MACOSX_DEPLOYMENT_TARGET = 11.3;
				MTL_ENABLE_DEBUG_INFO = INCLUDE_SOURCE;
				MTL_FAST_MATH = YES;
				ONLY_ACTIVE_ARCH = YES;
				SDKROOT = macosx;
				SWIFT_ACTIVE_COMPILATION_CONDITIONS = DEBUG;
				SWIFT_OPTIMIZATION_LEVEL = "-Onone";
			};
			name = Debug;
		};
		9BF5A1322774378B00E20C16 /* Release */ = {
			isa = XCBuildConfiguration;
			buildSettings = {
				ALWAYS_SEARCH_USER_PATHS = NO;
				CLANG_ANALYZER_NONNULL = YES;
				CLANG_ANALYZER_NUMBER_OBJECT_CONVERSION = YES_AGGRESSIVE;
				CLANG_CXX_LANGUAGE_STANDARD = "gnu++14";
				CLANG_CXX_LIBRARY = "libc++";
				CLANG_ENABLE_MODULES = YES;
				CLANG_ENABLE_OBJC_ARC = YES;
				CLANG_ENABLE_OBJC_WEAK = YES;
				CLANG_WARN_BLOCK_CAPTURE_AUTORELEASING = YES;
				CLANG_WARN_BOOL_CONVERSION = YES;
				CLANG_WARN_COMMA = YES;
				CLANG_WARN_CONSTANT_CONVERSION = YES;
				CLANG_WARN_DEPRECATED_OBJC_IMPLEMENTATIONS = YES;
				CLANG_WARN_DIRECT_OBJC_ISA_USAGE = YES_ERROR;
				CLANG_WARN_DOCUMENTATION_COMMENTS = YES;
				CLANG_WARN_EMPTY_BODY = YES;
				CLANG_WARN_ENUM_CONVERSION = YES;
				CLANG_WARN_INFINITE_RECURSION = YES;
				CLANG_WARN_INT_CONVERSION = YES;
				CLANG_WARN_NON_LITERAL_NULL_CONVERSION = YES;
				CLANG_WARN_OBJC_IMPLICIT_RETAIN_SELF = YES;
				CLANG_WARN_OBJC_LITERAL_CONVERSION = YES;
				CLANG_WARN_OBJC_ROOT_CLASS = YES_ERROR;
				CLANG_WARN_QUOTED_INCLUDE_IN_FRAMEWORK_HEADER = YES;
				CLANG_WARN_RANGE_LOOP_ANALYSIS = YES;
				CLANG_WARN_STRICT_PROTOTYPES = YES;
				CLANG_WARN_SUSPICIOUS_MOVE = YES;
				CLANG_WARN_UNGUARDED_AVAILABILITY = YES_AGGRESSIVE;
				CLANG_WARN_UNREACHABLE_CODE = YES;
				CLANG_WARN__DUPLICATE_METHOD_MATCH = YES;
				COPY_PHASE_STRIP = NO;
				DEBUG_INFORMATION_FORMAT = "dwarf-with-dsym";
				ENABLE_NS_ASSERTIONS = NO;
				ENABLE_STRICT_OBJC_MSGSEND = YES;
				GCC_C_LANGUAGE_STANDARD = gnu11;
				GCC_NO_COMMON_BLOCKS = YES;
				GCC_WARN_64_TO_32_BIT_CONVERSION = YES;
				GCC_WARN_ABOUT_RETURN_TYPE = YES_ERROR;
				GCC_WARN_UNDECLARED_SELECTOR = YES;
				GCC_WARN_UNINITIALIZED_AUTOS = YES_AGGRESSIVE;
				GCC_WARN_UNUSED_FUNCTION = YES;
				GCC_WARN_UNUSED_VARIABLE = YES;
				MACOSX_DEPLOYMENT_TARGET = 11.3;
				MTL_ENABLE_DEBUG_INFO = NO;
				MTL_FAST_MATH = YES;
				SDKROOT = macosx;
				SWIFT_COMPILATION_MODE = wholemodule;
				SWIFT_OPTIMIZATION_LEVEL = "-O";
			};
			name = Release;
		};
		9BF5A1342774378B00E20C16 /* Debug */ = {
			isa = XCBuildConfiguration;
			buildSettings = {
				ASSETCATALOG_COMPILER_APPICON_NAME = AppIcon;
				ASSETCATALOG_COMPILER_GLOBAL_ACCENT_COLOR_NAME = AccentColor;
				CODE_SIGN_ENTITLEMENTS = "macos-draw-practice/macos_draw_practice.entitlements";
				CODE_SIGN_STYLE = Automatic;
				COMBINE_HIDPI_IMAGES = YES;
				DEVELOPMENT_ASSET_PATHS = "\"macos-draw-practice/Preview Content\"";
				ENABLE_PREVIEWS = YES;
				INFOPLIST_FILE = "macos-draw-practice/Info.plist";
				LD_RUNPATH_SEARCH_PATHS = (
					"$(inherited)",
					"@executable_path/../Frameworks",
				);
				MACOSX_DEPLOYMENT_TARGET = 11.1;
				PRODUCT_BUNDLE_IDENTIFIER = "com.soudegesu.macos-draw-practice";
				PRODUCT_NAME = "$(TARGET_NAME)";
				SWIFT_VERSION = 5.0;
			};
			name = Debug;
		};
		9BF5A1352774378B00E20C16 /* Release */ = {
			isa = XCBuildConfiguration;
			buildSettings = {
				ASSETCATALOG_COMPILER_APPICON_NAME = AppIcon;
				ASSETCATALOG_COMPILER_GLOBAL_ACCENT_COLOR_NAME = AccentColor;
				CODE_SIGN_ENTITLEMENTS = "macos-draw-practice/macos_draw_practice.entitlements";
				CODE_SIGN_STYLE = Automatic;
				COMBINE_HIDPI_IMAGES = YES;
				DEVELOPMENT_ASSET_PATHS = "\"macos-draw-practice/Preview Content\"";
				ENABLE_PREVIEWS = YES;
				INFOPLIST_FILE = "macos-draw-practice/Info.plist";
				LD_RUNPATH_SEARCH_PATHS = (
					"$(inherited)",
					"@executable_path/../Frameworks",
				);
				MACOSX_DEPLOYMENT_TARGET = 11.1;
				PRODUCT_BUNDLE_IDENTIFIER = "com.soudegesu.macos-draw-practice";
				PRODUCT_NAME = "$(TARGET_NAME)";
				SWIFT_VERSION = 5.0;
			};
			name = Release;
		};
/* End XCBuildConfiguration section */

/* Begin XCConfigurationList section */
		9BF5A11B2774378A00E20C16 /* Build configuration list for PBXProject "macos-draw-practice" */ = {
			isa = XCConfigurationList;
			buildConfigurations = (
				9BF5A1312774378B00E20C16 /* Debug */,
				9BF5A1322774378B00E20C16 /* Release */,
			);
			defaultConfigurationIsVisible = 0;
			defaultConfigurationName = Release;
		};
		9BF5A1332774378B00E20C16 /* Build configuration list for PBXNativeTarget "macos-draw-practice" */ = {
			isa = XCConfigurationList;
			buildConfigurations = (
				9BF5A1342774378B00E20C16 /* Debug */,
				9BF5A1352774378B00E20C16 /* Release */,
			);
			defaultConfigurationIsVisible = 0;
			defaultConfigurationName = Release;
		};
/* End XCConfigurationList section */
	};
	rootObject = 9BF5A1182774378A00E20C16 /* Project object */;
}
